// !$*UTF8*$!
{
	archiveVersion = 1;
	classes = {
	};
	objectVersion = 56;
	objects = {

/* Begin PBXBuildFile section */
		DB4BD93D2A6089F700152C3E /* AppDelegate.swift in Sources */ = {isa = PBXBuildFile; fileRef = DB4BD93C2A6089F700152C3E /* AppDelegate.swift */; };
		DB4BD93F2A6089F700152C3E /* SceneDelegate.swift in Sources */ = {isa = PBXBuildFile; fileRef = DB4BD93E2A6089F700152C3E /* SceneDelegate.swift */; };
		DB4BD9412A6089F700152C3E /* ViewController.swift in Sources */ = {isa = PBXBuildFile; fileRef = DB4BD9402A6089F700152C3E /* ViewController.swift */; };
		DB4BD9442A6089F700152C3E /* Main.storyboard in Resources */ = {isa = PBXBuildFile; fileRef = DB4BD9422A6089F700152C3E /* Main.storyboard */; };
		DB4BD9462A6089F700152C3E /* Assets.xcassets in Resources */ = {isa = PBXBuildFile; fileRef = DB4BD9452A6089F700152C3E /* Assets.xcassets */; };
		DB4BD9492A6089F700152C3E /* LaunchScreen.storyboard in Resources */ = {isa = PBXBuildFile; fileRef = DB4BD9472A6089F700152C3E /* LaunchScreen.storyboard */; };
		DB4BD9542A6089F700152C3E /* SectionsAppTests.swift in Sources */ = {isa = PBXBuildFile; fileRef = DB4BD9532A6089F700152C3E /* SectionsAppTests.swift */; };
		DB4BD95E2A6089F700152C3E /* SectionsAppUITests.swift in Sources */ = {isa = PBXBuildFile; fileRef = DB4BD95D2A6089F700152C3E /* SectionsAppUITests.swift */; };
		DB4BD9602A6089F700152C3E /* SectionsAppUITestsLaunchTests.swift in Sources */ = {isa = PBXBuildFile; fileRef = DB4BD95F2A6089F700152C3E /* SectionsAppUITestsLaunchTests.swift */; };
		DB4BD96E2A609D9400152C3E /* SnapKit in Frameworks */ = {isa = PBXBuildFile; productRef = DB4BD96D2A609D9400152C3E /* SnapKit */; };
		DB4BD9702A609DAB00152C3E /* Section.swift in Sources */ = {isa = PBXBuildFile; fileRef = DB4BD96F2A609DAB00152C3E /* Section.swift */; };
		DB4BD9722A60A55F00152C3E /* ViewExtensions.swift in Sources */ = {isa = PBXBuildFile; fileRef = DB4BD9712A60A55F00152C3E /* ViewExtensions.swift */; };
		DB4BD9742A60A88F00152C3E /* HomeView.swift in Sources */ = {isa = PBXBuildFile; fileRef = DB4BD9732A60A88F00152C3E /* HomeView.swift */; };
		DB4BD9772A60AAEE00152C3E /* SectionAView.swift in Sources */ = {isa = PBXBuildFile; fileRef = DB4BD9762A60AAEE00152C3E /* SectionAView.swift */; };
		DB4BD9792A60AB9000152C3E /* SectionBView.swift in Sources */ = {isa = PBXBuildFile; fileRef = DB4BD9782A60AB9000152C3E /* SectionBView.swift */; };
		DB4BD97B2A60ABB100152C3E /* SectionCView.swift in Sources */ = {isa = PBXBuildFile; fileRef = DB4BD97A2A60ABB100152C3E /* SectionCView.swift */; };
/* End PBXBuildFile section */

/* Begin PBXContainerItemProxy section */
		DB4BD9502A6089F700152C3E /* PBXContainerItemProxy */ = {
			isa = PBXContainerItemProxy;
			containerPortal = DB4BD9312A6089F600152C3E /* Project object */;
			proxyType = 1;
			remoteGlobalIDString = DB4BD9382A6089F600152C3E;
			remoteInfo = SectionsApp;
		};
		DB4BD95A2A6089F700152C3E /* PBXContainerItemProxy */ = {
			isa = PBXContainerItemProxy;
			containerPortal = DB4BD9312A6089F600152C3E /* Project object */;
			proxyType = 1;
			remoteGlobalIDString = DB4BD9382A6089F600152C3E;
			remoteInfo = SectionsApp;
		};
/* End PBXContainerItemProxy section */

/* Begin PBXFileReference section */
		DB4BD9392A6089F700152C3E /* SectionsApp.app */ = {isa = PBXFileReference; explicitFileType = wrapper.application; includeInIndex = 0; path = SectionsApp.app; sourceTree = BUILT_PRODUCTS_DIR; };
		DB4BD93C2A6089F700152C3E /* AppDelegate.swift */ = {isa = PBXFileReference; lastKnownFileType = sourcecode.swift; path = AppDelegate.swift; sourceTree = "<group>"; };
		DB4BD93E2A6089F700152C3E /* SceneDelegate.swift */ = {isa = PBXFileReference; lastKnownFileType = sourcecode.swift; path = SceneDelegate.swift; sourceTree = "<group>"; };
		DB4BD9402A6089F700152C3E /* ViewController.swift */ = {isa = PBXFileReference; lastKnownFileType = sourcecode.swift; path = ViewController.swift; sourceTree = "<group>"; };
		DB4BD9432A6089F700152C3E /* Base */ = {isa = PBXFileReference; lastKnownFileType = file.storyboard; name = Base; path = Base.lproj/Main.storyboard; sourceTree = "<group>"; };
		DB4BD9452A6089F700152C3E /* Assets.xcassets */ = {isa = PBXFileReference; lastKnownFileType = folder.assetcatalog; path = Assets.xcassets; sourceTree = "<group>"; };
		DB4BD9482A6089F700152C3E /* Base */ = {isa = PBXFileReference; lastKnownFileType = file.storyboard; name = Base; path = Base.lproj/LaunchScreen.storyboard; sourceTree = "<group>"; };
		DB4BD94A2A6089F700152C3E /* Info.plist */ = {isa = PBXFileReference; lastKnownFileType = text.plist.xml; path = Info.plist; sourceTree = "<group>"; };
		DB4BD94F2A6089F700152C3E /* SectionsAppTests.xctest */ = {isa = PBXFileReference; explicitFileType = wrapper.cfbundle; includeInIndex = 0; path = SectionsAppTests.xctest; sourceTree = BUILT_PRODUCTS_DIR; };
		DB4BD9532A6089F700152C3E /* SectionsAppTests.swift */ = {isa = PBXFileReference; lastKnownFileType = sourcecode.swift; path = SectionsAppTests.swift; sourceTree = "<group>"; };
		DB4BD9592A6089F700152C3E /* SectionsAppUITests.xctest */ = {isa = PBXFileReference; explicitFileType = wrapper.cfbundle; includeInIndex = 0; path = SectionsAppUITests.xctest; sourceTree = BUILT_PRODUCTS_DIR; };
		DB4BD95D2A6089F700152C3E /* SectionsAppUITests.swift */ = {isa = PBXFileReference; lastKnownFileType = sourcecode.swift; path = SectionsAppUITests.swift; sourceTree = "<group>"; };
		DB4BD95F2A6089F700152C3E /* SectionsAppUITestsLaunchTests.swift */ = {isa = PBXFileReference; lastKnownFileType = sourcecode.swift; path = SectionsAppUITestsLaunchTests.swift; sourceTree = "<group>"; };
		DB4BD96F2A609DAB00152C3E /* Section.swift */ = {isa = PBXFileReference; lastKnownFileType = sourcecode.swift; path = Section.swift; sourceTree = "<group>"; };
		DB4BD9712A60A55F00152C3E /* ViewExtensions.swift */ = {isa = PBXFileReference; lastKnownFileType = sourcecode.swift; path = ViewExtensions.swift; sourceTree = "<group>"; };
		DB4BD9732A60A88F00152C3E /* HomeView.swift */ = {isa = PBXFileReference; lastKnownFileType = sourcecode.swift; path = HomeView.swift; sourceTree = "<group>"; };
		DB4BD9762A60AAEE00152C3E /* SectionAView.swift */ = {isa = PBXFileReference; lastKnownFileType = sourcecode.swift; path = SectionAView.swift; sourceTree = "<group>"; };
		DB4BD9782A60AB9000152C3E /* SectionBView.swift */ = {isa = PBXFileReference; lastKnownFileType = sourcecode.swift; path = SectionBView.swift; sourceTree = "<group>"; };
		DB4BD97A2A60ABB100152C3E /* SectionCView.swift */ = {isa = PBXFileReference; lastKnownFileType = sourcecode.swift; path = SectionCView.swift; sourceTree = "<group>"; };
/* End PBXFileReference section */

/* Begin PBXFrameworksBuildPhase section */
		DB4BD9362A6089F600152C3E /* Frameworks */ = {
			isa = PBXFrameworksBuildPhase;
			buildActionMask = 2147483647;
			files = (
				DB4BD96E2A609D9400152C3E /* SnapKit in Frameworks */,
			);
			runOnlyForDeploymentPostprocessing = 0;
		};
		DB4BD94C2A6089F700152C3E /* Frameworks */ = {
			isa = PBXFrameworksBuildPhase;
			buildActionMask = 2147483647;
			files = (
			);
			runOnlyForDeploymentPostprocessing = 0;
		};
		DB4BD9562A6089F700152C3E /* Frameworks */ = {
			isa = PBXFrameworksBuildPhase;
			buildActionMask = 2147483647;
			files = (
			);
			runOnlyForDeploymentPostprocessing = 0;
		};
/* End PBXFrameworksBuildPhase section */

/* Begin PBXGroup section */
		DB4BD9302A6089F600152C3E = {
			isa = PBXGroup;
			children = (
				DB4BD93B2A6089F700152C3E /* SectionsApp */,
				DB4BD9522A6089F700152C3E /* SectionsAppTests */,
				DB4BD95C2A6089F700152C3E /* SectionsAppUITests */,
				DB4BD93A2A6089F700152C3E /* Products */,
			);
			sourceTree = "<group>";
		};
		DB4BD93A2A6089F700152C3E /* Products */ = {
			isa = PBXGroup;
			children = (
				DB4BD9392A6089F700152C3E /* SectionsApp.app */,
				DB4BD94F2A6089F700152C3E /* SectionsAppTests.xctest */,
				DB4BD9592A6089F700152C3E /* SectionsAppUITests.xctest */,
			);
			name = Products;
			sourceTree = "<group>";
		};
		DB4BD93B2A6089F700152C3E /* SectionsApp */ = {
			isa = PBXGroup;
			children = (
				DB4BD93C2A6089F700152C3E /* AppDelegate.swift */,
				DB4BD93E2A6089F700152C3E /* SceneDelegate.swift */,
				DB4BD9402A6089F700152C3E /* ViewController.swift */,
				DB4BD96F2A609DAB00152C3E /* Section.swift */,
				DB4BD9752A60AA5300152C3E /* customviews */,
				DB4BD9422A6089F700152C3E /* Main.storyboard */,
				DB4BD9452A6089F700152C3E /* Assets.xcassets */,
				DB4BD9472A6089F700152C3E /* LaunchScreen.storyboard */,
				DB4BD94A2A6089F700152C3E /* Info.plist */,
			);
			path = SectionsApp;
			sourceTree = "<group>";
		};
		DB4BD9522A6089F700152C3E /* SectionsAppTests */ = {
			isa = PBXGroup;
			children = (
				DB4BD9532A6089F700152C3E /* SectionsAppTests.swift */,
			);
			path = SectionsAppTests;
			sourceTree = "<group>";
		};
		DB4BD95C2A6089F700152C3E /* SectionsAppUITests */ = {
			isa = PBXGroup;
			children = (
				DB4BD95D2A6089F700152C3E /* SectionsAppUITests.swift */,
				DB4BD95F2A6089F700152C3E /* SectionsAppUITestsLaunchTests.swift */,
			);
			path = SectionsAppUITests;
			sourceTree = "<group>";
		};
		DB4BD9752A60AA5300152C3E /* customviews */ = {
			isa = PBXGroup;
			children = (
				DB4BD9712A60A55F00152C3E /* ViewExtensions.swift */,
				DB4BD9732A60A88F00152C3E /* HomeView.swift */,
				DB4BD9762A60AAEE00152C3E /* SectionAView.swift */,
				DB4BD9782A60AB9000152C3E /* SectionBView.swift */,
				DB4BD97A2A60ABB100152C3E /* SectionCView.swift */,
			);
			path = customviews;
			sourceTree = "<group>";
		};
/* End PBXGroup section */

/* Begin PBXNativeTarget section */
		DB4BD9382A6089F600152C3E /* SectionsApp */ = {
			isa = PBXNativeTarget;
			buildConfigurationList = DB4BD9632A6089F700152C3E /* Build configuration list for PBXNativeTarget "SectionsApp" */;
			buildPhases = (
				DB4BD9352A6089F600152C3E /* Sources */,
				DB4BD9362A6089F600152C3E /* Frameworks */,
				DB4BD9372A6089F600152C3E /* Resources */,
			);
			buildRules = (
			);
			dependencies = (
			);
			name = SectionsApp;
			packageProductDependencies = (
				DB4BD96D2A609D9400152C3E /* SnapKit */,
			);
			productName = SectionsApp;
			productReference = DB4BD9392A6089F700152C3E /* SectionsApp.app */;
			productType = "com.apple.product-type.application";
		};
		DB4BD94E2A6089F700152C3E /* SectionsAppTests */ = {
			isa = PBXNativeTarget;
			buildConfigurationList = DB4BD9662A6089F700152C3E /* Build configuration list for PBXNativeTarget "SectionsAppTests" */;
			buildPhases = (
				DB4BD94B2A6089F700152C3E /* Sources */,
				DB4BD94C2A6089F700152C3E /* Frameworks */,
				DB4BD94D2A6089F700152C3E /* Resources */,
			);
			buildRules = (
			);
			dependencies = (
				DB4BD9512A6089F700152C3E /* PBXTargetDependency */,
			);
			name = SectionsAppTests;
			productName = SectionsAppTests;
			productReference = DB4BD94F2A6089F700152C3E /* SectionsAppTests.xctest */;
			productType = "com.apple.product-type.bundle.unit-test";
		};
		DB4BD9582A6089F700152C3E /* SectionsAppUITests */ = {
			isa = PBXNativeTarget;
			buildConfigurationList = DB4BD9692A6089F700152C3E /* Build configuration list for PBXNativeTarget "SectionsAppUITests" */;
			buildPhases = (
				DB4BD9552A6089F700152C3E /* Sources */,
				DB4BD9562A6089F700152C3E /* Frameworks */,
				DB4BD9572A6089F700152C3E /* Resources */,
			);
			buildRules = (
			);
			dependencies = (
				DB4BD95B2A6089F700152C3E /* PBXTargetDependency */,
			);
			name = SectionsAppUITests;
			productName = SectionsAppUITests;
			productReference = DB4BD9592A6089F700152C3E /* SectionsAppUITests.xctest */;
			productType = "com.apple.product-type.bundle.ui-testing";
		};
/* End PBXNativeTarget section */

/* Begin PBXProject section */
		DB4BD9312A6089F600152C3E /* Project object */ = {
			isa = PBXProject;
			attributes = {
				BuildIndependentTargetsInParallel = 1;
				LastSwiftUpdateCheck = 1430;
				LastUpgradeCheck = 1430;
				TargetAttributes = {
					DB4BD9382A6089F600152C3E = {
						CreatedOnToolsVersion = 14.3;
					};
					DB4BD94E2A6089F700152C3E = {
						CreatedOnToolsVersion = 14.3;
						TestTargetID = DB4BD9382A6089F600152C3E;
					};
					DB4BD9582A6089F700152C3E = {
						CreatedOnToolsVersion = 14.3;
						TestTargetID = DB4BD9382A6089F600152C3E;
					};
				};
			};
			buildConfigurationList = DB4BD9342A6089F600152C3E /* Build configuration list for PBXProject "SectionsApp" */;
			compatibilityVersion = "Xcode 14.0";
			developmentRegion = en;
			hasScannedForEncodings = 0;
			knownRegions = (
				en,
				Base,
			);
			mainGroup = DB4BD9302A6089F600152C3E;
			packageReferences = (
				DB4BD96C2A609D9400152C3E /* XCRemoteSwiftPackageReference "SnapKit" */,
			);
			productRefGroup = DB4BD93A2A6089F700152C3E /* Products */;
			projectDirPath = "";
			projectRoot = "";
			targets = (
				DB4BD9382A6089F600152C3E /* SectionsApp */,
				DB4BD94E2A6089F700152C3E /* SectionsAppTests */,
				DB4BD9582A6089F700152C3E /* SectionsAppUITests */,
			);
		};
/* End PBXProject section */

/* Begin PBXResourcesBuildPhase section */
		DB4BD9372A6089F600152C3E /* Resources */ = {
			isa = PBXResourcesBuildPhase;
			buildActionMask = 2147483647;
			files = (
				DB4BD9492A6089F700152C3E /* LaunchScreen.storyboard in Resources */,
				DB4BD9462A6089F700152C3E /* Assets.xcassets in Resources */,
				DB4BD9442A6089F700152C3E /* Main.storyboard in Resources */,
			);
			runOnlyForDeploymentPostprocessing = 0;
		};
		DB4BD94D2A6089F700152C3E /* Resources */ = {
			isa = PBXResourcesBuildPhase;
			buildActionMask = 2147483647;
			files = (
			);
			runOnlyForDeploymentPostprocessing = 0;
		};
		DB4BD9572A6089F700152C3E /* Resources */ = {
			isa = PBXResourcesBuildPhase;
			buildActionMask = 2147483647;
			files = (
			);
			runOnlyForDeploymentPostprocessing = 0;
		};
/* End PBXResourcesBuildPhase section */

/* Begin PBXSourcesBuildPhase section */
		DB4BD9352A6089F600152C3E /* Sources */ = {
			isa = PBXSourcesBuildPhase;
			buildActionMask = 2147483647;
			files = (
				DB4BD9412A6089F700152C3E /* ViewController.swift in Sources */,
				DB4BD9702A609DAB00152C3E /* Section.swift in Sources */,
				DB4BD9772A60AAEE00152C3E /* SectionAView.swift in Sources */,
				DB4BD93D2A6089F700152C3E /* AppDelegate.swift in Sources */,
				DB4BD97B2A60ABB100152C3E /* SectionCView.swift in Sources */,
				DB4BD9742A60A88F00152C3E /* HomeView.swift in Sources */,
				DB4BD9722A60A55F00152C3E /* ViewExtensions.swift in Sources */,
				DB4BD93F2A6089F700152C3E /* SceneDelegate.swift in Sources */,
				DB4BD9792A60AB9000152C3E /* SectionBView.swift in Sources */,
			);
			runOnlyForDeploymentPostprocessing = 0;
		};
		DB4BD94B2A6089F700152C3E /* Sources */ = {
			isa = PBXSourcesBuildPhase;
			buildActionMask = 2147483647;
			files = (
				DB4BD9542A6089F700152C3E /* SectionsAppTests.swift in Sources */,
			);
			runOnlyForDeploymentPostprocessing = 0;
		};
		DB4BD9552A6089F700152C3E /* Sources */ = {
			isa = PBXSourcesBuildPhase;
			buildActionMask = 2147483647;
			files = (
				DB4BD9602A6089F700152C3E /* SectionsAppUITestsLaunchTests.swift in Sources */,
				DB4BD95E2A6089F700152C3E /* SectionsAppUITests.swift in Sources */,
			);
			runOnlyForDeploymentPostprocessing = 0;
		};
/* End PBXSourcesBuildPhase section */

/* Begin PBXTargetDependency section */
		DB4BD9512A6089F700152C3E /* PBXTargetDependency */ = {
			isa = PBXTargetDependency;
			target = DB4BD9382A6089F600152C3E /* SectionsApp */;
			targetProxy = DB4BD9502A6089F700152C3E /* PBXContainerItemProxy */;
		};
		DB4BD95B2A6089F700152C3E /* PBXTargetDependency */ = {
			isa = PBXTargetDependency;
			target = DB4BD9382A6089F600152C3E /* SectionsApp */;
			targetProxy = DB4BD95A2A6089F700152C3E /* PBXContainerItemProxy */;
		};
/* End PBXTargetDependency section */

/* Begin PBXVariantGroup section */
		DB4BD9422A6089F700152C3E /* Main.storyboard */ = {
			isa = PBXVariantGroup;
			children = (
				DB4BD9432A6089F700152C3E /* Base */,
			);
			name = Main.storyboard;
			sourceTree = "<group>";
		};
		DB4BD9472A6089F700152C3E /* LaunchScreen.storyboard */ = {
			isa = PBXVariantGroup;
			children = (
				DB4BD9482A6089F700152C3E /* Base */,
			);
			name = LaunchScreen.storyboard;
			sourceTree = "<group>";
		};
/* End PBXVariantGroup section */

/* Begin XCBuildConfiguration section */
		DB4BD9612A6089F700152C3E /* Debug */ = {
			isa = XCBuildConfiguration;
			buildSettings = {
				ALWAYS_SEARCH_USER_PATHS = NO;
				CLANG_ANALYZER_NONNULL = YES;
				CLANG_ANALYZER_NUMBER_OBJECT_CONVERSION = YES_AGGRESSIVE;
				CLANG_CXX_LANGUAGE_STANDARD = "gnu++20";
				CLANG_ENABLE_MODULES = YES;
				CLANG_ENABLE_OBJC_ARC = YES;
				CLANG_ENABLE_OBJC_WEAK = YES;
				CLANG_WARN_BLOCK_CAPTURE_AUTORELEASING = YES;
				CLANG_WARN_BOOL_CONVERSION = YES;
				CLANG_WARN_COMMA = YES;
				CLANG_WARN_CONSTANT_CONVERSION = YES;
				CLANG_WARN_DEPRECATED_OBJC_IMPLEMENTATIONS = YES;
				CLANG_WARN_DIRECT_OBJC_ISA_USAGE = YES_ERROR;
				CLANG_WARN_DOCUMENTATION_COMMENTS = YES;
				CLANG_WARN_EMPTY_BODY = YES;
				CLANG_WARN_ENUM_CONVERSION = YES;
				CLANG_WARN_INFINITE_RECURSION = YES;
				CLANG_WARN_INT_CONVERSION = YES;
				CLANG_WARN_NON_LITERAL_NULL_CONVERSION = YES;
				CLANG_WARN_OBJC_IMPLICIT_RETAIN_SELF = YES;
				CLANG_WARN_OBJC_LITERAL_CONVERSION = YES;
				CLANG_WARN_OBJC_ROOT_CLASS = YES_ERROR;
				CLANG_WARN_QUOTED_INCLUDE_IN_FRAMEWORK_HEADER = YES;
				CLANG_WARN_RANGE_LOOP_ANALYSIS = YES;
				CLANG_WARN_STRICT_PROTOTYPES = YES;
				CLANG_WARN_SUSPICIOUS_MOVE = YES;
				CLANG_WARN_UNGUARDED_AVAILABILITY = YES_AGGRESSIVE;
				CLANG_WARN_UNREACHABLE_CODE = YES;
				CLANG_WARN__DUPLICATE_METHOD_MATCH = YES;
				COPY_PHASE_STRIP = NO;
				DEBUG_INFORMATION_FORMAT = dwarf;
				ENABLE_STRICT_OBJC_MSGSEND = YES;
				ENABLE_TESTABILITY = YES;
				GCC_C_LANGUAGE_STANDARD = gnu11;
				GCC_DYNAMIC_NO_PIC = NO;
				GCC_NO_COMMON_BLOCKS = YES;
				GCC_OPTIMIZATION_LEVEL = 0;
				GCC_PREPROCESSOR_DEFINITIONS = (
					"DEBUG=1",
					"$(inherited)",
				);
				GCC_WARN_64_TO_32_BIT_CONVERSION = YES;
				GCC_WARN_ABOUT_RETURN_TYPE = YES_ERROR;
				GCC_WARN_UNDECLARED_SELECTOR = YES;
				GCC_WARN_UNINITIALIZED_AUTOS = YES_AGGRESSIVE;
				GCC_WARN_UNUSED_FUNCTION = YES;
				GCC_WARN_UNUSED_VARIABLE = YES;
				IPHONEOS_DEPLOYMENT_TARGET = 16.4;
				MTL_ENABLE_DEBUG_INFO = INCLUDE_SOURCE;
				MTL_FAST_MATH = YES;
				ONLY_ACTIVE_ARCH = YES;
				SDKROOT = iphoneos;
				SWIFT_ACTIVE_COMPILATION_CONDITIONS = DEBUG;
				SWIFT_OPTIMIZATION_LEVEL = "-Onone";
			};
			name = Debug;
		};
		DB4BD9622A6089F700152C3E /* Release */ = {
			isa = XCBuildConfiguration;
			buildSettings = {
				ALWAYS_SEARCH_USER_PATHS = NO;
				CLANG_ANALYZER_NONNULL = YES;
				CLANG_ANALYZER_NUMBER_OBJECT_CONVERSION = YES_AGGRESSIVE;
				CLANG_CXX_LANGUAGE_STANDARD = "gnu++20";
				CLANG_ENABLE_MODULES = YES;
				CLANG_ENABLE_OBJC_ARC = YES;
				CLANG_ENABLE_OBJC_WEAK = YES;
				CLANG_WARN_BLOCK_CAPTURE_AUTORELEASING = YES;
				CLANG_WARN_BOOL_CONVERSION = YES;
				CLANG_WARN_COMMA = YES;
				CLANG_WARN_CONSTANT_CONVERSION = YES;
				CLANG_WARN_DEPRECATED_OBJC_IMPLEMENTATIONS = YES;
				CLANG_WARN_DIRECT_OBJC_ISA_USAGE = YES_ERROR;
				CLANG_WARN_DOCUMENTATION_COMMENTS = YES;
				CLANG_WARN_EMPTY_BODY = YES;
				CLANG_WARN_ENUM_CONVERSION = YES;
				CLANG_WARN_INFINITE_RECURSION = YES;
				CLANG_WARN_INT_CONVERSION = YES;
				CLANG_WARN_NON_LITERAL_NULL_CONVERSION = YES;
				CLANG_WARN_OBJC_IMPLICIT_RETAIN_SELF = YES;
				CLANG_WARN_OBJC_LITERAL_CONVERSION = YES;
				CLANG_WARN_OBJC_ROOT_CLASS = YES_ERROR;
				CLANG_WARN_QUOTED_INCLUDE_IN_FRAMEWORK_HEADER = YES;
				CLANG_WARN_RANGE_LOOP_ANALYSIS = YES;
				CLANG_WARN_STRICT_PROTOTYPES = YES;
				CLANG_WARN_SUSPICIOUS_MOVE = YES;
				CLANG_WARN_UNGUARDED_AVAILABILITY = YES_AGGRESSIVE;
				CLANG_WARN_UNREACHABLE_CODE = YES;
				CLANG_WARN__DUPLICATE_METHOD_MATCH = YES;
				COPY_PHASE_STRIP = NO;
				DEBUG_INFORMATION_FORMAT = "dwarf-with-dsym";
				ENABLE_NS_ASSERTIONS = NO;
				ENABLE_STRICT_OBJC_MSGSEND = YES;
				GCC_C_LANGUAGE_STANDARD = gnu11;
				GCC_NO_COMMON_BLOCKS = YES;
				GCC_WARN_64_TO_32_BIT_CONVERSION = YES;
				GCC_WARN_ABOUT_RETURN_TYPE = YES_ERROR;
				GCC_WARN_UNDECLARED_SELECTOR = YES;
				GCC_WARN_UNINITIALIZED_AUTOS = YES_AGGRESSIVE;
				GCC_WARN_UNUSED_FUNCTION = YES;
				GCC_WARN_UNUSED_VARIABLE = YES;
				IPHONEOS_DEPLOYMENT_TARGET = 16.4;
				MTL_ENABLE_DEBUG_INFO = NO;
				MTL_FAST_MATH = YES;
				SDKROOT = iphoneos;
				SWIFT_COMPILATION_MODE = wholemodule;
				SWIFT_OPTIMIZATION_LEVEL = "-O";
				VALIDATE_PRODUCT = YES;
			};
			name = Release;
		};
		DB4BD9642A6089F700152C3E /* Debug */ = {
			isa = XCBuildConfiguration;
			buildSettings = {
				ASSETCATALOG_COMPILER_APPICON_NAME = AppIcon;
				ASSETCATALOG_COMPILER_GLOBAL_ACCENT_COLOR_NAME = AccentColor;
				CODE_SIGN_STYLE = Automatic;
				CURRENT_PROJECT_VERSION = 1;
				DEVELOPMENT_TEAM = DMHCR22HB7;
				GENERATE_INFOPLIST_FILE = YES;
				INFOPLIST_FILE = SectionsApp/Info.plist;
				INFOPLIST_KEY_UIApplicationSupportsIndirectInputEvents = YES;
				INFOPLIST_KEY_UILaunchStoryboardName = LaunchScreen;
				INFOPLIST_KEY_UIMainStoryboardFile = Main;
				INFOPLIST_KEY_UISupportedInterfaceOrientations_iPad = "UIInterfaceOrientationPortrait UIInterfaceOrientationPortraitUpsideDown UIInterfaceOrientationLandscapeLeft UIInterfaceOrientationLandscapeRight";
				INFOPLIST_KEY_UISupportedInterfaceOrientations_iPhone = "UIInterfaceOrientationPortrait UIInterfaceOrientationLandscapeLeft UIInterfaceOrientationLandscapeRight";
				LD_RUNPATH_SEARCH_PATHS = (
					"$(inherited)",
					"@executable_path/Frameworks",
				);
				MARKETING_VERSION = 1.0;
				PRODUCT_BUNDLE_IDENTIFIER = com.moises.sectionsapp.SectionsApp;
				PRODUCT_NAME = "$(TARGET_NAME)";
				SWIFT_EMIT_LOC_STRINGS = YES;
				SWIFT_VERSION = 5.0;
				TARGETED_DEVICE_FAMILY = "1,2";
			};
			name = Debug;
		};
		DB4BD9652A6089F700152C3E /* Release */ = {
			isa = XCBuildConfiguration;
			buildSettings = {
				ASSETCATALOG_COMPILER_APPICON_NAME = AppIcon;
				ASSETCATALOG_COMPILER_GLOBAL_ACCENT_COLOR_NAME = AccentColor;
				CODE_SIGN_STYLE = Automatic;
				CURRENT_PROJECT_VERSION = 1;
				DEVELOPMENT_TEAM = DMHCR22HB7;
				GENERATE_INFOPLIST_FILE = YES;
				INFOPLIST_FILE = SectionsApp/Info.plist;
				INFOPLIST_KEY_UIApplicationSupportsIndirectInputEvents = YES;
				INFOPLIST_KEY_UILaunchStoryboardName = LaunchScreen;
				INFOPLIST_KEY_UIMainStoryboardFile = Main;
				INFOPLIST_KEY_UISupportedInterfaceOrientations_iPad = "UIInterfaceOrientationPortrait UIInterfaceOrientationPortraitUpsideDown UIInterfaceOrientationLandscapeLeft UIInterfaceOrientationLandscapeRight";
				INFOPLIST_KEY_UISupportedInterfaceOrientations_iPhone = "UIInterfaceOrientationPortrait UIInterfaceOrientationLandscapeLeft UIInterfaceOrientationLandscapeRight";
				LD_RUNPATH_SEARCH_PATHS = (
					"$(inherited)",
					"@executable_path/Frameworks",
				);
				MARKETING_VERSION = 1.0;
				PRODUCT_BUNDLE_IDENTIFIER = com.moises.sectionsapp.SectionsApp;
				PRODUCT_NAME = "$(TARGET_NAME)";
				SWIFT_EMIT_LOC_STRINGS = YES;
				SWIFT_VERSION = 5.0;
				TARGETED_DEVICE_FAMILY = "1,2";
			};
			name = Release;
		};
		DB4BD9672A6089F700152C3E /* Debug */ = {
			isa = XCBuildConfiguration;
			buildSettings = {
				ALWAYS_EMBED_SWIFT_STANDARD_LIBRARIES = YES;
				BUNDLE_LOADER = "$(TEST_HOST)";
				CODE_SIGN_STYLE = Automatic;
				CURRENT_PROJECT_VERSION = 1;
				DEVELOPMENT_TEAM = DMHCR22HB7;
				GENERATE_INFOPLIST_FILE = YES;
				IPHONEOS_DEPLOYMENT_TARGET = 16.4;
				MARKETING_VERSION = 1.0;
				PRODUCT_BUNDLE_IDENTIFIER = com.moises.sectionsapp.SectionsAppTests;
				PRODUCT_NAME = "$(TARGET_NAME)";
				SWIFT_EMIT_LOC_STRINGS = NO;
				SWIFT_VERSION = 5.0;
				TARGETED_DEVICE_FAMILY = "1,2";
				TEST_HOST = "$(BUILT_PRODUCTS_DIR)/SectionsApp.app/$(BUNDLE_EXECUTABLE_FOLDER_PATH)/SectionsApp";
			};
			name = Debug;
		};
		DB4BD9682A6089F700152C3E /* Release */ = {
			isa = XCBuildConfiguration;
			buildSettings = {
				ALWAYS_EMBED_SWIFT_STANDARD_LIBRARIES = YES;
				BUNDLE_LOADER = "$(TEST_HOST)";
				CODE_SIGN_STYLE = Automatic;
				CURRENT_PROJECT_VERSION = 1;
				DEVELOPMENT_TEAM = DMHCR22HB7;
				GENERATE_INFOPLIST_FILE = YES;
				IPHONEOS_DEPLOYMENT_TARGET = 16.4;
				MARKETING_VERSION = 1.0;
				PRODUCT_BUNDLE_IDENTIFIER = com.moises.sectionsapp.SectionsAppTests;
				PRODUCT_NAME = "$(TARGET_NAME)";
				SWIFT_EMIT_LOC_STRINGS = NO;
				SWIFT_VERSION = 5.0;
				TARGETED_DEVICE_FAMILY = "1,2";
				TEST_HOST = "$(BUILT_PRODUCTS_DIR)/SectionsApp.app/$(BUNDLE_EXECUTABLE_FOLDER_PATH)/SectionsApp";
			};
			name = Release;
		};
		DB4BD96A2A6089F700152C3E /* Debug */ = {
			isa = XCBuildConfiguration;
			buildSettings = {
				ALWAYS_EMBED_SWIFT_STANDARD_LIBRARIES = YES;
				CODE_SIGN_STYLE = Automatic;
				CURRENT_PROJECT_VERSION = 1;
				DEVELOPMENT_TEAM = DMHCR22HB7;
				GENERATE_INFOPLIST_FILE = YES;
				MARKETING_VERSION = 1.0;
				PRODUCT_BUNDLE_IDENTIFIER = com.moises.sectionsapp.SectionsAppUITests;
				PRODUCT_NAME = "$(TARGET_NAME)";
				SWIFT_EMIT_LOC_STRINGS = NO;
				SWIFT_VERSION = 5.0;
				TARGETED_DEVICE_FAMILY = "1,2";
				TEST_TARGET_NAME = SectionsApp;
			};
			name = Debug;
		};
		DB4BD96B2A6089F700152C3E /* Release */ = {
			isa = XCBuildConfiguration;
			buildSettings = {
				ALWAYS_EMBED_SWIFT_STANDARD_LIBRARIES = YES;
				CODE_SIGN_STYLE = Automatic;
				CURRENT_PROJECT_VERSION = 1;
				DEVELOPMENT_TEAM = DMHCR22HB7;
				GENERATE_INFOPLIST_FILE = YES;
				MARKETING_VERSION = 1.0;
				PRODUCT_BUNDLE_IDENTIFIER = com.moises.sectionsapp.SectionsAppUITests;
				PRODUCT_NAME = "$(TARGET_NAME)";
				SWIFT_EMIT_LOC_STRINGS = NO;
				SWIFT_VERSION = 5.0;
				TARGETED_DEVICE_FAMILY = "1,2";
				TEST_TARGET_NAME = SectionsApp;
			};
			name = Release;
		};
/* End XCBuildConfiguration section */

/* Begin XCConfigurationList section */
		DB4BD9342A6089F600152C3E /* Build configuration list for PBXProject "SectionsApp" */ = {
			isa = XCConfigurationList;
			buildConfigurations = (
				DB4BD9612A6089F700152C3E /* Debug */,
				DB4BD9622A6089F700152C3E /* Release */,
			);
			defaultConfigurationIsVisible = 0;
			defaultConfigurationName = Release;
		};
		DB4BD9632A6089F700152C3E /* Build configuration list for PBXNativeTarget "SectionsApp" */ = {
			isa = XCConfigurationList;
			buildConfigurations = (
				DB4BD9642A6089F700152C3E /* Debug */,
				DB4BD9652A6089F700152C3E /* Release */,
			);
			defaultConfigurationIsVisible = 0;
			defaultConfigurationName = Release;
		};
		DB4BD9662A6089F700152C3E /* Build configuration list for PBXNativeTarget "SectionsAppTests" */ = {
			isa = XCConfigurationList;
			buildConfigurations = (
				DB4BD9672A6089F700152C3E /* Debug */,
				DB4BD9682A6089F700152C3E /* Release */,
			);
			defaultConfigurationIsVisible = 0;
			defaultConfigurationName = Release;
		};
		DB4BD9692A6089F700152C3E /* Build configuration list for PBXNativeTarget "SectionsAppUITests" */ = {
			isa = XCConfigurationList;
			buildConfigurations = (
				DB4BD96A2A6089F700152C3E /* Debug */,
				DB4BD96B2A6089F700152C3E /* Release */,
			);
			defaultConfigurationIsVisible = 0;
			defaultConfigurationName = Release;
		};
/* End XCConfigurationList section */

/* Begin XCRemoteSwiftPackageReference section */
		DB4BD96C2A609D9400152C3E /* XCRemoteSwiftPackageReference "SnapKit" */ = {
			isa = XCRemoteSwiftPackageReference;
			repositoryURL = "https://github.com/SnapKit/SnapKit.git";
			requirement = {
				kind = upToNextMajorVersion;
				minimumVersion = 5.0.0;
			};
		};
/* End XCRemoteSwiftPackageReference section */

/* Begin XCSwiftPackageProductDependency section */
		DB4BD96D2A609D9400152C3E /* SnapKit */ = {
			isa = XCSwiftPackageProductDependency;
			package = DB4BD96C2A609D9400152C3E /* XCRemoteSwiftPackageReference "SnapKit" */;
			productName = SnapKit;
		};
/* End XCSwiftPackageProductDependency section */
	};
	rootObject = DB4BD9312A6089F600152C3E /* Project object */;
}
